
Microsoft Visual Studio Solution File, Format Version 12.00
# Visual Studio Version 17
VisualStudioVersion = 17.9.34607.119
MinimumVisualStudioVersion = 10.0.40219.1
Project("{FAE04EC0-301F-11D3-BF4B-00C04F79EFBC}") = "project nana", "project nana\project nana.csproj", "{5EB58CE3-AB0B-4C95-BC73-2432DFA1540C}"
EndProject
Global
	GlobalSection(SolutionConfigurationPlatforms) = preSolution
		Debug|Any CPU = Debug|Any CPU
		Release|Any CPU = Release|Any CPU
	EndGlobalSection
	GlobalSection(ProjectConfigurationPlatforms) = postSolution
		{5EB58CE3-AB0B-4C95-BC73-2432DFA1540C}.Debug|Any CPU.ActiveCfg = Debug|Any CPU
		{5EB58CE3-AB0B-4C95-BC73-2432DFA1540C}.Debug|Any CPU.Build.0 = Debug|Any CPU
		{5EB58CE3-AB0B-4C95-BC73-2432DFA1540C}.Release|Any CPU.ActiveCfg = Release|Any CPU
		{5EB58CE3-AB0B-4C95-BC73-2432DFA1540C}.Release|Any CPU.Build.0 = Release|Any CPU
	EndGlobalSection
	GlobalSection(SolutionProperties) = preSolution
		HideSolutionNode = FALSE
	EndGlobalSection
	GlobalSection(ExtensibilityGlobals) = postSolution
		SolutionGuid = {9AAA30E9-3A96-467E-A745-6BD584FD79A4}
	EndGlobalSection
EndGlobal
